PODS:
  - AFNetworking (2.5.2):
    - AFNetworking/NSURLConnection (= 2.5.2)
    - AFNetworking/NSURLSession (= 2.5.2)
    - AFNetworking/Reachability (= 2.5.2)
    - AFNetworking/Security (= 2.5.2)
    - AFNetworking/Serialization (= 2.5.2)
    - AFNetworking/UIKit (= 2.5.2)
  - AFNetworking/NSURLConnection (2.5.2):
    - AFNetworking/Reachability
    - AFNetworking/Security
    - AFNetworking/Serialization
  - AFNetworking/NSURLSession (2.5.2):
    - AFNetworking/Reachability
    - AFNetworking/Security
    - AFNetworking/Serialization
  - AFNetworking/Reachability (2.5.2)
  - AFNetworking/Security (2.5.2)
  - AFNetworking/Serialization (2.5.2)
  - AFNetworking/UIKit (2.5.2):
    - AFNetworking/NSURLConnection
    - AFNetworking/NSURLSession
  - JDStatusBarNotification (1.5.1)
  - JSONKit (1.5pre)
  - Masonry (0.6.1)
  - MBProgressHUD (0.9.1)
  - ODRefreshControl (1.1.0)
  - SMPageControl (1.2)
  - SVPullToRefresh (0.4.1)

DEPENDENCIES:
  - AFNetworking (~> 2.5.2)
  - JDStatusBarNotification (~> 1.5.1)
  - JSONKit (~> 1.5pre)
  - Masonry (~> 0.6.1)
  - MBProgressHUD (~> 0.9.1)
  - ODRefreshControl (~> 1.1.0)
  - SMPageControl (~> 1.2)
  - SVPullToRefresh (~> 0.4.1)

SPEC CHECKSUMS:
  AFNetworking: fefbce9660acb17f48ae0011292d4da0f457bf36
  JDStatusBarNotification: 83c7d7a4e1e0d09528bcb98827fe4fc99dbdd6aa
  JSONKit: bae313ce6a6c444f40489a6c0b023f399888871f
  Masonry: 4972309f2f134de9dd312f4dc4a21359b50e6caa
  MBProgressHUD: c47f2c166c126cf2ce36498d80f33e754d4e93ad
  ODRefreshControl: 4c4c413bf70d2ea0c02a28ac0a0b3b4bf4dbfdea
  SMPageControl: 922892813001cfaf059e86e6801f46a967e9ee29
  SVPullToRefresh: ba2e718695a43253d8bea6852d2960097dc15d8c

COCOAPODS: 0.36.1
